
Microsoft Visual Studio Solution File, Format Version 12.00
# Visual Studio Version 17
VisualStudioVersion = 17.5.33502.453
MinimumVisualStudioVersion = 10.0.40219.1
Project("{FAE04EC0-301F-11D3-BF4B-00C04F79EFBC}") = "DMSTask", "DMSTask\DMSTask.csproj", "{A5408370-EA94-494D-9AFE-026169766821}"
EndProject
Global
	GlobalSection(SolutionConfigurationPlatforms) = preSolution
		Debug|Any CPU = Debug|Any CPU
		Release|Any CPU = Release|Any CPU
	EndGlobalSection
	GlobalSection(ProjectConfigurationPlatforms) = postSolution
		{A5408370-EA94-494D-9AFE-026169766821}.Debug|Any CPU.ActiveCfg = Debug|Any CPU
		{A5408370-EA94-494D-9AFE-026169766821}.Debug|Any CPU.Build.0 = Debug|Any CPU
		{A5408370-EA94-494D-9AFE-026169766821}.Release|Any CPU.ActiveCfg = Release|Any CPU
		{A5408370-EA94-494D-9AFE-026169766821}.Release|Any CPU.Build.0 = Release|Any CPU
	EndGlobalSection
	GlobalSection(SolutionProperties) = preSolution
		HideSolutionNode = FALSE
	EndGlobalSection
	GlobalSection(ExtensibilityGlobals) = postSolution
		SolutionGuid = {1AC5DD52-85E6-4B09-818B-C76870FA5A60}
	EndGlobalSection
EndGlobal
